
Microsoft Visual Studio Solution File, Format Version 11.00
# Visual Studio 2010
Project("{FAE04EC0-301F-11D3-BF4B-00C04F79EFBC}") = "Shoko-Tenchi", "Assembly-CSharp.csproj", "{B06399C5-65BE-0DE7-EE21-4985EAA650CC}"
EndProject
Project("{FAE04EC0-301F-11D3-BF4B-00C04F79EFBC}") = "Shoko-Tenchi", "Assembly-CSharp-Editor.csproj", "{416CD55C-993C-E192-B29D-983E9CDF3925}"
EndProject
Global
	GlobalSection(SolutionConfigurationPlatforms) = preSolution
		Debug|Any CPU = Debug|Any CPU
		Release|Any CPU = Release|Any CPU
	EndGlobalSection
	GlobalSection(ProjectConfigurationPlatforms) = postSolution
		{B06399C5-65BE-0DE7-EE21-4985EAA650CC}.Debug|Any CPU.ActiveCfg = Debug|Any CPU
		{B06399C5-65BE-0DE7-EE21-4985EAA650CC}.Debug|Any CPU.Build.0 = Debug|Any CPU
		{B06399C5-65BE-0DE7-EE21-4985EAA650CC}.Release|Any CPU.ActiveCfg = Release|Any CPU
		{B06399C5-65BE-0DE7-EE21-4985EAA650CC}.Release|Any CPU.Build.0 = Release|Any CPU
		{416CD55C-993C-E192-B29D-983E9CDF3925}.Debug|Any CPU.ActiveCfg = Debug|Any CPU
		{416CD55C-993C-E192-B29D-983E9CDF3925}.Debug|Any CPU.Build.0 = Debug|Any CPU
		{416CD55C-993C-E192-B29D-983E9CDF3925}.Release|Any CPU.ActiveCfg = Release|Any CPU
		{416CD55C-993C-E192-B29D-983E9CDF3925}.Release|Any CPU.Build.0 = Release|Any CPU
	EndGlobalSection
	GlobalSection(SolutionProperties) = preSolution
		HideSolutionNode = FALSE
	EndGlobalSection
	GlobalSection(MonoDevelopProperties) = preSolution
		StartupItem = Assembly-CSharp.csproj
	EndGlobalSection
EndGlobal
